<?xml version="1.0" encoding="utf-8"?>
<Project ToolsVersion="4.0" xmlns="http://schemas.microsoft.com/developer/msbuild/2003">
  <ItemGroup>
    <Filter Include="Source Files">
      <UniqueIdentifier>{4FC737F1-C7A5-4376-A066-2A32D752A2FF}</UniqueIdentifier>
      <Extensions>cpp;c;cc;cxx;def;odl;idl;hpj;bat;asm;asmx</Extensions>
    </Filter>
    <Filter Include="Header Files">
      <UniqueIdentifier>{93995380-89BD-4b04-88EB-625FBE52EBFB}</UniqueIdentifier>
      <Extensions>h;hh;hpp;hxx;hm;inl;inc;xsd</Extensions>
    </Filter>
    <Filter Include="Resource Files">
      <UniqueIdentifier>{D9D6E242-F8AF-46E4-B9FD-80ECBC20BA3E}</UniqueIdentifier>
      <Extensions>qrc;*</Extensions>
      <ParseFiles>false</ParseFiles>
    </Filter>
    <Filter Include="Form Files">
      <UniqueIdentifier>{99349809-55BA-4b9d-BF79-8FDBB0286EB3}</UniqueIdentifier>
      <Extensions>ui</Extensions>
    </Filter>
    <Filter Include="Resource Files">
      <UniqueIdentifier>{D9D6E242-F8AF-46E4-B9FD-80ECBC20BA3E}</UniqueIdentifier>
      <Extensions>qrc;*</Extensions>
      <ParseFiles>false</ParseFiles>
    </Filter>
    <Filter Include="Header Files\math">
      <UniqueIdentifier>{0279fdf1-ebbd-42d1-81a4-02c19d0f7296}</UniqueIdentifier>
    </Filter>
    <Filter Include="Source Files\math">
      <UniqueIdentifier>{898450d1-66b5-4273-88c5-d78bf75c9223}</UniqueIdentifier>
    </Filter>
    <Filter Include="Header Files\pipeline">
      <UniqueIdentifier>{8a4368cc-24c8-4161-9239-fb29af8ea347}</UniqueIdentifier>
    </Filter>
    <Filter Include="Source Files\pipeline">
      <UniqueIdentifier>{28fcef1b-8296-4294-a203-feef85a2d5cd}</UniqueIdentifier>
    </Filter>
    <Filter Include="Header Files\shaders">
      <UniqueIdentifier>{b706213b-230d-4d08-b12f-9bb7ba532be4}</UniqueIdentifier>
    </Filter>
    <Filter Include="Source Files\shaders">
      <UniqueIdentifier>{80697844-45a5-4171-9ac7-59a0d8579802}</UniqueIdentifier>
    </Filter>
    <Filter Include="Generated Files">
      <UniqueIdentifier>{17a3ea98-2345-4958-ade6-274f33442258}</UniqueIdentifier>
    </Filter>
  </ItemGroup>
  <ItemGroup>
    <ClCompile Include="main.cpp">
      <Filter>Source Files</Filter>
    </ClCompile>
    <ClCompile Include="SimpleRender.cpp">
      <Filter>Source Files</Filter>
    </ClCompile>
    <ClCompile Include="math\Vector3f.cpp">
      <Filter>Source Files\math</Filter>
    </ClCompile>
    <ClCompile Include="math\Vector4f.cpp">
      <Filter>Source Files\math</Filter>
    </ClCompile>
    <ClCompile Include="math\Mat3f.cpp">
      <Filter>Source Files\math</Filter>
    </ClCompile>
    <ClCompile Include="math\Mat4f_Transform.cpp">
      <Filter>Source Files\math</Filter>
    </ClCompile>
    <ClCompile Include="pipeline\Camera.cpp">
      <Filter>Source Files\pipeline</Filter>
    </ClCompile>
    <ClCompile Include="math\Vector2f.cpp">
      <Filter>Source Files\math</Filter>
    </ClCompile>
    <ClCompile Include="pipeline\Mesh.cpp">
      <Filter>Source Files\pipeline</Filter>
    </ClCompile>
    <ClCompile Include="pipeline\FrameBuffer.cpp">
      <Filter>Source Files\pipeline</Filter>
    </ClCompile>
    <ClCompile Include="shaders\SimpleShader.cpp">
      <Filter>Source Files\shaders</Filter>
    </ClCompile>
    <ClCompile Include="pipeline\Renderer.cpp">
      <Filter>Source Files\pipeline</Filter>
    </ClCompile>
    <ClCompile Include="math\Utils.cpp">
      <Filter>Source Files\math</Filter>
    </ClCompile>
    <ClCompile Include="RenderLoop.cpp">
      <Filter>Source Files</Filter>
    </ClCompile>
    <ClCompile Include="pipeline\Texture2D.cpp">
      <Filter>Source Files\pipeline</Filter>
    </ClCompile>
    <ClCompile Include="pipeline\Light_Material.cpp">
      <Filter>Source Files\pipeline</Filter>
    </ClCompile>
    <ClCompile Include="shaders\PhongShader.cpp">
      <Filter>Source Files\shaders</Filter>
    </ClCompile>
  </ItemGroup>
  <ItemGroup>
    <QtMoc Include="SimpleRender.h">
      <Filter>Header Files</Filter>
    </QtMoc>
    <QtMoc Include="RenderLoop.h">
      <Filter>Header Files</Filter>
    </QtMoc>
  </ItemGroup>
  <ItemGroup>
    <QtUic Include="SimpleRender.ui">
      <Filter>Form Files</Filter>
    </QtUic>
  </ItemGroup>
  <ItemGroup>
    <QtRcc Include="SimpleRender.qrc">
      <Filter>Resource Files</Filter>
    </QtRcc>
  </ItemGroup>
  <ItemGroup>
    <ClInclude Include="math\Vector3f.h">
      <Filter>Header Files\math</Filter>
    </ClInclude>
    <ClInclude Include="math\Vector4f.h">
      <Filter>Header Files\math</Filter>
    </ClInclude>
    <ClInclude Include="math\Mat3f.h">
      <Filter>Header Files\math</Filter>
    </ClInclude>
    <ClInclude Include="math\Mat4f_Transform.h">
      <Filter>Header Files\math</Filter>
    </ClInclude>
    <ClInclude Include="math\Utils.h">
      <Filter>Header Files\math</Filter>
    </ClInclude>
    <ClInclude Include="pipeline\Camera.h">
      <Filter>Header Files\pipeline</Filter>
    </ClInclude>
    <ClInclude Include="pipeline\Renderer.h">
      <Filter>Header Files\pipeline</Filter>
    </ClInclude>
    <ClInclude Include="pipeline\Mesh.h">
      <Filter>Header Files\pipeline</Filter>
    </ClInclude>
    <ClInclude Include="math\Vector2f.h">
      <Filter>Header Files\math</Filter>
    </ClInclude>
    <ClInclude Include="pipeline\Scene.h">
      <Filter>Header Files\pipeline</Filter>
    </ClInclude>
    <ClInclude Include="pipeline\Tranform3D.h">
      <Filter>Header Files\pipeline</Filter>
    </ClInclude>
    <ClInclude Include="pipeline\FrameBuffer.h">
      <Filter>Header Files\pipeline</Filter>
    </ClInclude>
    <ClInclude Include="shaders\BaseShader.h">
      <Filter>Header Files\shaders</Filter>
    </ClInclude>
    <ClInclude Include="shaders\ShaderVertexInOut.h">
      <Filter>Header Files\shaders</Filter>
    </ClInclude>
    <ClInclude Include="shaders\SimpleShader.h">
      <Filter>Header Files\shaders</Filter>
    </ClInclude>
    <ClInclude Include="math\Color.h">
      <Filter>Header Files\math</Filter>
    </ClInclude>
    <ClInclude Include="x64\Debug\uic\ui_SimpleRender.h">
      <Filter>Generated Files</Filter>
    </ClInclude>
    <ClInclude Include="pipeline\Texture2D.h">
      <Filter>Header Files\pipeline</Filter>
    </ClInclude>
    <ClInclude Include="pipeline\Light_Material.h">
      <Filter>Header Files\pipeline</Filter>
    </ClInclude>
    <ClInclude Include="shaders\PhongShader.h">
      <Filter>Header Files\shaders</Filter>
    </ClInclude>
  </ItemGroup>
</Project>